
Microsoft Visual Studio Solution File, Format Version 12.00
# Visual Studio Version 16
VisualStudioVersion = 16.0.28803.352
MinimumVisualStudioVersion = 10.0.40219.1
Project("{FAE04EC0-301F-11D3-BF4B-00C04F79EFBC}") = "ModLocalization.UI", "ModLocalizationUI\ModLocalization.UI.csproj", "{9759FA61-B281-4328-8FE0-26DF0CBD9AD0}"
EndProject
Project("{FAE04EC0-301F-11D3-BF4B-00C04F79EFBC}") = "ModLocalization.Core", "ModLocalization.Core\ModLocalization.Core.csproj", "{906A7246-4E26-4EF1-B6AB-A1045CFA36FD}"
EndProject
Project("{FAE04EC0-301F-11D3-BF4B-00C04F79EFBC}") = "ModLocalization.Console", "ModLocalization.Console\ModLocalization.Console.csproj", "{1EB840B7-8138-4C5F-B1F5-A942DF18FDA2}"
EndProject
Global
	GlobalSection(SolutionConfigurationPlatforms) = preSolution
		Debug|Any CPU = Debug|Any CPU
		Release|Any CPU = Release|Any CPU
	EndGlobalSection
	GlobalSection(ProjectConfigurationPlatforms) = postSolution
		{9759FA61-B281-4328-8FE0-26DF0CBD9AD0}.Debug|Any CPU.ActiveCfg = Debug|Any CPU
		{9759FA61-B281-4328-8FE0-26DF0CBD9AD0}.Debug|Any CPU.Build.0 = Debug|Any CPU
		{9759FA61-B281-4328-8FE0-26DF0CBD9AD0}.Release|Any CPU.ActiveCfg = Release|Any CPU
		{9759FA61-B281-4328-8FE0-26DF0CBD9AD0}.Release|Any CPU.Build.0 = Release|Any CPU
		{906A7246-4E26-4EF1-B6AB-A1045CFA36FD}.Debug|Any CPU.ActiveCfg = Debug|Any CPU
		{906A7246-4E26-4EF1-B6AB-A1045CFA36FD}.Debug|Any CPU.Build.0 = Debug|Any CPU
		{906A7246-4E26-4EF1-B6AB-A1045CFA36FD}.Release|Any CPU.ActiveCfg = Release|Any CPU
		{906A7246-4E26-4EF1-B6AB-A1045CFA36FD}.Release|Any CPU.Build.0 = Release|Any CPU
		{1EB840B7-8138-4C5F-B1F5-A942DF18FDA2}.Debug|Any CPU.ActiveCfg = Debug|Any CPU
		{1EB840B7-8138-4C5F-B1F5-A942DF18FDA2}.Debug|Any CPU.Build.0 = Debug|Any CPU
		{1EB840B7-8138-4C5F-B1F5-A942DF18FDA2}.Release|Any CPU.ActiveCfg = Release|Any CPU
		{1EB840B7-8138-4C5F-B1F5-A942DF18FDA2}.Release|Any CPU.Build.0 = Release|Any CPU
	EndGlobalSection
	GlobalSection(SolutionProperties) = preSolution
		HideSolutionNode = FALSE
	EndGlobalSection
	GlobalSection(ExtensibilityGlobals) = postSolution
		SolutionGuid = {D02E3FA6-9641-4A01-9508-3C6322B85B91}
	EndGlobalSection
EndGlobal
